
Microsoft Visual Studio Solution File, Format Version 12.00
# Visual Studio Version 16
VisualStudioVersion = 16.0.29306.81
MinimumVisualStudioVersion = 10.0.40219.1
Project("{9A19103F-16F7-4668-BE54-9A1E7A4F7556}") = "ConsoleApp10", "ConsoleApp10.csproj", "{FD69C8A1-D6D9-46CB-89EC-F39A5A2DF8D5}"
EndProject
Global
	GlobalSection(SolutionConfigurationPlatforms) = preSolution
		Debug|Any CPU = Debug|Any CPU
		Release|Any CPU = Release|Any CPU
	EndGlobalSection
	GlobalSection(ProjectConfigurationPlatforms) = postSolution
		{FD69C8A1-D6D9-46CB-89EC-F39A5A2DF8D5}.Debug|Any CPU.ActiveCfg = Debug|Any CPU
		{FD69C8A1-D6D9-46CB-89EC-F39A5A2DF8D5}.Debug|Any CPU.Build.0 = Debug|Any CPU
		{FD69C8A1-D6D9-46CB-89EC-F39A5A2DF8D5}.Release|Any CPU.ActiveCfg = Release|Any CPU
		{FD69C8A1-D6D9-46CB-89EC-F39A5A2DF8D5}.Release|Any CPU.Build.0 = Release|Any CPU
	EndGlobalSection
	GlobalSection(SolutionProperties) = preSolution
		HideSolutionNode = FALSE
	EndGlobalSection
	GlobalSection(ExtensibilityGlobals) = postSolution
		SolutionGuid = {47D2B58F-2E31-4FE9-BCDC-1B2CD7C009BD}
	EndGlobalSection
EndGlobal
